{
  "name": "sysproject",
  "version": "1.0.0",
  "lockfileVersion": 1,
  "requires": true,
  "dependencies": {
    "systeminformation": {
      "version": "5.27.11",
      "resolved": "https://registry.npmjs.org/systeminformation/-/systeminformation-5.27.11.tgz",
      "integrity": "sha512-K3Lto/2m3K2twmKHdgx5B+0in9qhXK4YnoT9rIlgwN/4v7OV5c8IjbeAUkuky/6VzCQC7iKCAqi8rZathCdjHg=="
    }
  }
}
